{
  "name": "grannkommuner",
  "version": "1.0.0",
  "lockfileVersion": 3,
  "requires": true,
  "packages": {
    "": {
      "name": "grannkommuner",
      "version": "1.0.0",
      "license": "ISC",
      "devDependencies": {
        "csv-parse": "^5.6.0",
        "prettier": "^3.4.2"
      }
    },
    "node_modules/csv-parse": {
      "version": "5.6.0",
      "resolved": "https://registry.npmjs.org/csv-parse/-/csv-parse-5.6.0.tgz",
      "integrity": "sha512-l3nz3euub2QMg5ouu5U09Ew9Wf6/wQ8I++ch1loQ0ljmzhmfZYrH9fflS22i/PQEvsPvxCwxgz5q7UB8K1JO4Q==",
      "dev": true,
      "license": "MIT"
    },
    "node_modules/prettier": {
      "version": "3.4.2",
      "resolved": "https://registry.npmjs.org/prettier/-/prettier-3.4.2.tgz",
      "integrity": "sha512-e9MewbtFo+Fevyuxn/4rrcDAaq0IYxPGLvObpQjiZBMAzB9IGmzlnG9RZy3FFas+eBMu2vA0CszMeduow5dIuQ==",
      "dev": true,
      "license": "MIT",
      "bin": {
        "prettier": "bin/prettier.cjs"
      },
      "engines": {
        "node": ">=14"
      },
      "funding": {
        "url": "https://github.com/prettier/prettier?sponsor=1"
      }
    }
  }
}
